
Microsoft Visual Studio Solution File, Format Version 12.00
# Visual Studio Version 17
VisualStudioVersion = 17.6.33801.468
MinimumVisualStudioVersion = 10.0.40219.1
Project("{FAE04EC0-301F-11D3-BF4B-00C04F79EFBC}") = "TelegramBot", "TelegramBot\TelegramBot.csproj", "{BC586BDD-6F86-4632-B4DD-9563C4E944A7}"
EndProject
Global
	GlobalSection(SolutionConfigurationPlatforms) = preSolution
		Debug|Any CPU = Debug|Any CPU
		Release|Any CPU = Release|Any CPU
	EndGlobalSection
	GlobalSection(ProjectConfigurationPlatforms) = postSolution
		{BC586BDD-6F86-4632-B4DD-9563C4E944A7}.Debug|Any CPU.ActiveCfg = Debug|Any CPU
		{BC586BDD-6F86-4632-B4DD-9563C4E944A7}.Debug|Any CPU.Build.0 = Debug|Any CPU
		{BC586BDD-6F86-4632-B4DD-9563C4E944A7}.Release|Any CPU.ActiveCfg = Release|Any CPU
		{BC586BDD-6F86-4632-B4DD-9563C4E944A7}.Release|Any CPU.Build.0 = Release|Any CPU
	EndGlobalSection
	GlobalSection(SolutionProperties) = preSolution
		HideSolutionNode = FALSE
	EndGlobalSection
	GlobalSection(ExtensibilityGlobals) = postSolution
		SolutionGuid = {214EE9A5-AC38-4B56-997B-DD52A472E9BA}
	EndGlobalSection
EndGlobal
